# Pinned Typst release (official GitHub release, static musl builds). Fields:
#   <arch>  <tarball sha256 (= GitHub release digest)>  <binary sha256 (TYPST_SHA256)>  <url>
# Changing this file changes rendered bytes: update the golden hashes in test/ in the same commit.
x86_64   a6d077d0a95eed5a2eba715b2dae06be954f624ccbf85758a03f389ded33118c  29273eaa04f6d00edd0c2bec578f565fc9c65be856bfbffc894567c68ed0b237  https://github.com/typst/typst/releases/download/v0.15.1/typst-x86_64-unknown-linux-musl.tar.xz
aarch64  5aa8d74a3d906e60ea12a66ac2f37f8eef1b14cbad7182a745e393a10c23dcee  3088dd985a891d804a98c69db24dfca77a35878e45d40e38c79cf36d72bcd4c1  https://github.com/typst/typst/releases/download/v0.15.1/typst-aarch64-unknown-linux-musl.tar.xz
